
Microsoft Visual Studio Solution File, Format Version 12.00
# Visual Studio Version 17
VisualStudioVersion = 17.8.34511.84
MinimumVisualStudioVersion = 10.0.40219.1
Project("{FAE04EC0-301F-11D3-BF4B-00C04F79EFBC}") = "DotNetTest", "DotNetTest\DotNetTest.csproj", "{B26A432A-14AE-4608-A141-EEAE845022EB}"
EndProject
Global
	GlobalSection(SolutionConfigurationPlatforms) = preSolution
		Debug|Any CPU = Debug|Any CPU
		Release|Any CPU = Release|Any CPU
	EndGlobalSection
	GlobalSection(ProjectConfigurationPlatforms) = postSolution
		{B26A432A-14AE-4608-A141-EEAE845022EB}.Debug|Any CPU.ActiveCfg = Debug|Any CPU
		{B26A432A-14AE-4608-A141-EEAE845022EB}.Debug|Any CPU.Build.0 = Debug|Any CPU
		{B26A432A-14AE-4608-A141-EEAE845022EB}.Release|Any CPU.ActiveCfg = Release|Any CPU
		{B26A432A-14AE-4608-A141-EEAE845022EB}.Release|Any CPU.Build.0 = Release|Any CPU
	EndGlobalSection
	GlobalSection(SolutionProperties) = preSolution
		HideSolutionNode = FALSE
	EndGlobalSection
	GlobalSection(ExtensibilityGlobals) = postSolution
		SolutionGuid = {C3EB2998-83CB-427B-8BDC-67E6D9862E89}
	EndGlobalSection
EndGlobal
